
Microsoft Visual Studio Solution File, Format Version 12.00
# Visual Studio Version 17
VisualStudioVersion = 17.3.32929.385
MinimumVisualStudioVersion = 10.0.40219.1
Project("{FAE04EC0-301F-11D3-BF4B-00C04F79EFBC}") = "Marathon-Skills", "Marathon-Skills\Marathon-Skills.csproj", "{4E9B9CC0-CB6D-47E3-B0C6-F306A2E6A188}"
EndProject
Global
	GlobalSection(SolutionConfigurationPlatforms) = preSolution
		Debug|Any CPU = Debug|Any CPU
		Release|Any CPU = Release|Any CPU
	EndGlobalSection
	GlobalSection(ProjectConfigurationPlatforms) = postSolution
		{4E9B9CC0-CB6D-47E3-B0C6-F306A2E6A188}.Debug|Any CPU.ActiveCfg = Debug|Any CPU
		{4E9B9CC0-CB6D-47E3-B0C6-F306A2E6A188}.Debug|Any CPU.Build.0 = Debug|Any CPU
		{4E9B9CC0-CB6D-47E3-B0C6-F306A2E6A188}.Release|Any CPU.ActiveCfg = Release|Any CPU
		{4E9B9CC0-CB6D-47E3-B0C6-F306A2E6A188}.Release|Any CPU.Build.0 = Release|Any CPU
	EndGlobalSection
	GlobalSection(SolutionProperties) = preSolution
		HideSolutionNode = FALSE
	EndGlobalSection
	GlobalSection(ExtensibilityGlobals) = postSolution
		SolutionGuid = {43350F5E-14B4-44BD-BC51-63CDB04B60AA}
	EndGlobalSection
EndGlobal
